
Microsoft Visual Studio Solution File, Format Version 12.00
# Visual Studio Version 16
VisualStudioVersion = 16.0.32428.217
MinimumVisualStudioVersion = 10.0.40219.1
Project("{FAE04EC0-301F-11D3-BF4B-00C04F79EFBC}") = "SpatialDataLibrary", "SpatialDataLibrary\SpatialDataLibrary.csproj", "{90908B3E-2A3C-4EE9-AF57-CBDB5F7115C9}"
EndProject
Project("{FAE04EC0-301F-11D3-BF4B-00C04F79EFBC}") = "SpatialDataApp", "SpatialDataApp\SpatialDataApp.csproj", "{2B5FB2CD-12BD-48D9-86D8-0083A7325843}"
EndProject
Project("{2150E333-8FDC-42A3-9474-1A3956D46DE8}") = "Solution Items", "Solution Items", "{E75B0BA0-DF3B-49C0-807C-C12C65E7A5AE}"
	ProjectSection(SolutionItems) = preProject
		DatabaseSetup.sql = DatabaseSetup.sql
	EndProjectSection
EndProject
Global
	GlobalSection(SolutionConfigurationPlatforms) = preSolution
		Debug|Any CPU = Debug|Any CPU
		Release|Any CPU = Release|Any CPU
	EndGlobalSection
	GlobalSection(ProjectConfigurationPlatforms) = postSolution
		{90908B3E-2A3C-4EE9-AF57-CBDB5F7115C9}.Debug|Any CPU.ActiveCfg = Debug|Any CPU
		{90908B3E-2A3C-4EE9-AF57-CBDB5F7115C9}.Debug|Any CPU.Build.0 = Debug|Any CPU
		{90908B3E-2A3C-4EE9-AF57-CBDB5F7115C9}.Release|Any CPU.ActiveCfg = Release|Any CPU
		{90908B3E-2A3C-4EE9-AF57-CBDB5F7115C9}.Release|Any CPU.Build.0 = Release|Any CPU
		{2B5FB2CD-12BD-48D9-86D8-0083A7325843}.Debug|Any CPU.ActiveCfg = Debug|Any CPU
		{2B5FB2CD-12BD-48D9-86D8-0083A7325843}.Debug|Any CPU.Build.0 = Debug|Any CPU
		{2B5FB2CD-12BD-48D9-86D8-0083A7325843}.Release|Any CPU.ActiveCfg = Release|Any CPU
		{2B5FB2CD-12BD-48D9-86D8-0083A7325843}.Release|Any CPU.Build.0 = Release|Any CPU
	EndGlobalSection
	GlobalSection(SolutionProperties) = preSolution
		HideSolutionNode = FALSE
	EndGlobalSection
	GlobalSection(ExtensibilityGlobals) = postSolution
		SolutionGuid = {D23DB4F1-9983-43D3-9F3B-6A67C814D320}
	EndGlobalSection
EndGlobal
